
Microsoft Visual Studio Solution File, Format Version 10.00
# Visual Studio 2008
Project("{FAE04EC0-301F-11D3-BF4B-00C04F79EFBC}") = "FinalListView", "FinalListView\FinalListView.csproj", "{0EEDFF1E-B99F-450A-9FD0-DD54DDEA59EE}"
EndProject
Global
	GlobalSection(SolutionConfigurationPlatforms) = preSolution
		Debug|Any CPU = Debug|Any CPU
		Release|Any CPU = Release|Any CPU
	EndGlobalSection
	GlobalSection(ProjectConfigurationPlatforms) = postSolution
		{0EEDFF1E-B99F-450A-9FD0-DD54DDEA59EE}.Debug|Any CPU.ActiveCfg = Debug|Any CPU
		{0EEDFF1E-B99F-450A-9FD0-DD54DDEA59EE}.Debug|Any CPU.Build.0 = Debug|Any CPU
		{0EEDFF1E-B99F-450A-9FD0-DD54DDEA59EE}.Release|Any CPU.ActiveCfg = Release|Any CPU
		{0EEDFF1E-B99F-450A-9FD0-DD54DDEA59EE}.Release|Any CPU.Build.0 = Release|Any CPU
	EndGlobalSection
	GlobalSection(SolutionProperties) = preSolution
		HideSolutionNode = FALSE
	EndGlobalSection
EndGlobal
